
Microsoft Visual Studio Solution File, Format Version 12.00
# Visual Studio Version 17
VisualStudioVersion = 17.9.34701.34
MinimumVisualStudioVersion = 10.0.40219.1
Project("{FAE04EC0-301F-11D3-BF4B-00C04F79EFBC}") = "TreeMapPositionTheLegend", "TreeMapPositionTheLegend\TreeMapPositionTheLegend.csproj", "{202DD08D-A506-4E25-9037-DFBBF7D18511}"
EndProject
Global
	GlobalSection(SolutionConfigurationPlatforms) = preSolution
		Debug|Any CPU = Debug|Any CPU
		Release|Any CPU = Release|Any CPU
	EndGlobalSection
	GlobalSection(ProjectConfigurationPlatforms) = postSolution
		{202DD08D-A506-4E25-9037-DFBBF7D18511}.Debug|Any CPU.ActiveCfg = Debug|Any CPU
		{202DD08D-A506-4E25-9037-DFBBF7D18511}.Debug|Any CPU.Build.0 = Debug|Any CPU
		{202DD08D-A506-4E25-9037-DFBBF7D18511}.Debug|Any CPU.Deploy.0 = Debug|Any CPU
		{202DD08D-A506-4E25-9037-DFBBF7D18511}.Release|Any CPU.ActiveCfg = Release|Any CPU
		{202DD08D-A506-4E25-9037-DFBBF7D18511}.Release|Any CPU.Build.0 = Release|Any CPU
		{202DD08D-A506-4E25-9037-DFBBF7D18511}.Release|Any CPU.Deploy.0 = Release|Any CPU
	EndGlobalSection
	GlobalSection(SolutionProperties) = preSolution
		HideSolutionNode = FALSE
	EndGlobalSection
	GlobalSection(ExtensibilityGlobals) = postSolution
		SolutionGuid = {864F610C-F599-4CB3-A66F-0FD162C9A3D4}
	EndGlobalSection
EndGlobal
